
Microsoft Visual Studio Solution File, Format Version 12.00
# Visual Studio Version 16
VisualStudioVersion = 16.0.30114.105
MinimumVisualStudioVersion = 10.0.40219.1
Project("{F2A71F9B-5D33-465A-A702-920D77279786}") = "mntnr.toolkit", "src\mntnr.toolkit.fsproj", "{7CA36513-0F04-46F9-8BD8-81AF49BE1485}"
EndProject
Project("{F2A71F9B-5D33-465A-A702-920D77279786}") = "mntnr.toolkit.tests", "tests\mntnr.toolkit.tests.fsproj", "{FCD05599-45CC-48E3-82FA-385B97C5C0FF}"
EndProject
Global
	GlobalSection(SolutionConfigurationPlatforms) = preSolution
		Debug|Any CPU = Debug|Any CPU
		Release|Any CPU = Release|Any CPU
	EndGlobalSection
	GlobalSection(SolutionProperties) = preSolution
		HideSolutionNode = FALSE
	EndGlobalSection
	GlobalSection(ProjectConfigurationPlatforms) = postSolution
		{7CA36513-0F04-46F9-8BD8-81AF49BE1485}.Debug|Any CPU.ActiveCfg = Debug|Any CPU
		{7CA36513-0F04-46F9-8BD8-81AF49BE1485}.Debug|Any CPU.Build.0 = Debug|Any CPU
		{7CA36513-0F04-46F9-8BD8-81AF49BE1485}.Release|Any CPU.ActiveCfg = Release|Any CPU
		{7CA36513-0F04-46F9-8BD8-81AF49BE1485}.Release|Any CPU.Build.0 = Release|Any CPU
		{FCD05599-45CC-48E3-82FA-385B97C5C0FF}.Debug|Any CPU.ActiveCfg = Debug|Any CPU
		{FCD05599-45CC-48E3-82FA-385B97C5C0FF}.Debug|Any CPU.Build.0 = Debug|Any CPU
		{FCD05599-45CC-48E3-82FA-385B97C5C0FF}.Release|Any CPU.ActiveCfg = Release|Any CPU
		{FCD05599-45CC-48E3-82FA-385B97C5C0FF}.Release|Any CPU.Build.0 = Release|Any CPU
	EndGlobalSection
EndGlobal
