{
  "version": 1,
  "dependencies": {
    "net6.0": {
      "Fake.Core.Process": {
        "type": "Direct",
        "requested": "[5.*, )",
        "resolved": "5.23.0",
        "contentHash": "aZvcVYnsWlzyaiGImnBvjsWfYmv1HD2CGUEdWWpHzPHJJfmY3wUBHYdNTk6UwMCYDj10xJtlVksLaU0NUuwtWQ==",
        "dependencies": {
          "FSharp.Core": "6.0.0",
          "Fake.Core.Environment": "5.23.0",
          "Fake.Core.FakeVar": "5.23.0",
          "Fake.Core.String": "5.23.0",
          "Fake.Core.Trace": "5.23.0",
          "Fake.IO.FileSystem": "5.23.0",
          "System.Collections.Immutable": "5.0.0"
        }
      },
      "FSharp.Core": {
        "type": "Direct",
        "requested": "[6.*, )",
        "resolved": "6.0.5",
        "contentHash": "Bpqxoh/UUTq7fHd0a1Ndv/ml1BEtwqmpruKzIMaNnNXgdBSZOEA7wQtoXyc+eKwxq4TQrbHpAbM6yaZAzqotvw=="
      },
      "Fake.Core.Context": {
        "type": "Transitive",
        "resolved": "5.23.0",
        "contentHash": "4rLYZNJ7Kt8YY9XiMQ3U2nxtIzsXY3kdHF4IZaOjx0mit9kZEizxfHYzsS7l7Jd1AdUT4HHLVxL2jDwcNJJZfg==",
        "dependencies": {
          "FSharp.Core": "6.0.0"
        }
      },
      "Fake.Core.Environment": {
        "type": "Transitive",
        "resolved": "5.23.0",
        "contentHash": "CE+pYi3Lpo9ppGgYtRagbGMQVm/PpoBVCB5IyajErwL3MEYtSDASwz9k4COsfhap1ICHMZABjya4zUtAKqUgww==",
        "dependencies": {
          "FSharp.Core": "6.0.0"
        }
      },
      "Fake.Core.FakeVar": {
        "type": "Transitive",
        "resolved": "5.23.0",
        "contentHash": "9SwkXBDgY3lbTNnf+hFalyRU68Q5Deqoppu5VU6e9ze4Qtj1UAPRWrzbxwNtzPtZa9DP+h9sz1KL1WQyR5k/2Q==",
        "dependencies": {
          "FSharp.Core": "6.0.0",
          "Fake.Core.Context": "5.23.0"
        }
      },
      "Fake.Core.String": {
        "type": "Transitive",
        "resolved": "5.23.0",
        "contentHash": "ZPVzX5M7/AUexe3FDQpKt6AAqaZUg3knDGXBnwyzWnxfKZiJgZy/sto9cvsA4nqP0/KdLcwZS4VxYUKLnMMCRQ==",
        "dependencies": {
          "FSharp.Core": "6.0.0"
        }
      },
      "Fake.Core.Trace": {
        "type": "Transitive",
        "resolved": "5.23.0",
        "contentHash": "ABLTkfRRgDjMn6VMDBwRTz5LRUGNaVKGwCkvRKZsEsVfz8Bri7uUOx3QtqOwKVVI2zHTaWmQiSZ9qMFCIZYBxg==",
        "dependencies": {
          "FSharp.Core": "6.0.0",
          "Fake.Core.Environment": "5.23.0",
          "Fake.Core.FakeVar": "5.23.0"
        }
      },
      "Fake.IO.FileSystem": {
        "type": "Transitive",
        "resolved": "5.23.0",
        "contentHash": "RyBMHgo6NxeNm+PcQizsjuCQMOya6MImeulWaZMzNHUTpTWTOUZ/e/cc6Czvd/nPAm94QMV39wpBvBSzxEQRbA==",
        "dependencies": {
          "FSharp.Core": "6.0.0",
          "Fake.Core.String": "5.23.0"
        }
      },
      "System.Collections.Immutable": {
        "type": "Transitive",
        "resolved": "5.0.0",
        "contentHash": "FXkLXiK0sVVewcso0imKQoOxjoPAj42R8HtjjbSjVPAzwDfzoyoznWxgA3c38LDbN9SJux1xXoXYAhz98j7r2g=="
      }
    }
  }
}